# This file is automatically @generated by Poetry 1.6.1 and should not be changed by hand.

[[package]]
name = "bidict"
version = "0.22.1"
description = "The bidirectional mapping library for Python."
optional = false
python-versions = ">=3.7"
files = [
    {file = "bidict-0.22.1-py3-none-any.whl", hash = "sha256:6ef212238eb884b664f28da76f33f1d28b260f665fc737b413b287d5487d1e7b"},
    {file = "bidict-0.22.1.tar.gz", hash = "sha256:1e0f7f74e4860e6d0943a05d4134c63a2fad86f3d4732fb265bd79e4e856d81d"},
]

[package.extras]
docs = ["furo", "sphinx", "sphinx-copybutton"]
lint = ["pre-commit"]
test = ["hypothesis", "pytest", "pytest-benchmark[histogram]", "pytest-cov", "pytest-xdist", "sortedcollections", "sortedcontainers", "sphinx"]

[[package]]
name = "h11"
version = "0.14.0"
description = "A pure-Python, bring-your-own-I/O implementation of HTTP/1.1"
optional = false
python-versions = ">=3.7"
files = [
    {file = "h11-0.14.0-py3-none-any.whl", hash = "sha256:e3fe4ac4b851c468cc8363d500db52c2ead036020723024a109d37346efaa761"},
    {file = "h11-0.14.0.tar.gz", hash = "sha256:8f19fbbe99e72420ff35c00b27a34cb9937e902a8b810e2c88300c6f0a3b699d"},
]

[[package]]
name = "python-engineio"
version = "4.7.1"
description = "Engine.IO server and client for Python"
optional = false
python-versions = ">=3.6"
files = [
    {file = "python-engineio-4.7.1.tar.gz", hash = "sha256:a8422e345cd9a21451303380b160742ff02197975b1c3a02cef115febe2b1b20"},
    {file = "python_engineio-4.7.1-py3-none-any.whl", hash = "sha256:52499e8ab94fea1a6525ffe872fe7028d04b575799c5fa8e2cf7880e032de42e"},
]

[package.dependencies]
simple-websocket = ">=0.10.0"

[package.extras]
asyncio-client = ["aiohttp (>=3.4)"]
client = ["requests (>=2.21.0)", "websocket-client (>=0.54.0)"]
docs = ["sphinx"]

[[package]]
name = "python-socketio"
version = "5.9.0"
description = "Socket.IO server and client for Python"
optional = false
python-versions = ">=3.6"
files = [
    {file = "python-socketio-5.9.0.tar.gz", hash = "sha256:dc42735f65534187f381fde291ebf620216a4960001370f32de940229b2e7f8f"},
    {file = "python_socketio-5.9.0-py3-none-any.whl", hash = "sha256:c20f12e4ed0cba57581af26bbeea9998bc2eeebb3b952fa92493a1e051cfe9dc"},
]

[package.dependencies]
bidict = ">=0.21.0"
python-engineio = ">=4.7.0"

[package.extras]
asyncio-client = ["aiohttp (>=3.4)"]
client = ["requests (>=2.21.0)", "websocket-client (>=0.54.0)"]
docs = ["sphinx"]

[[package]]
name = "simple-websocket"
version = "0.10.1"
description = "Simple WebSocket server and client for Python"
optional = false
python-versions = ">=3.6"
files = [
    {file = "simple-websocket-0.10.1.tar.gz", hash = "sha256:0ab46c8ffa51a46dc95eed94608b3b722841c0bf849def71d465c5c356679c82"},
    {file = "simple_websocket-0.10.1-py3-none-any.whl", hash = "sha256:62c36bacfd75cc867927bb39d91951342a7234bdfe20f41dd969a3b8bb1413b7"},
]

[package.dependencies]
wsproto = "*"

[[package]]
name = "websocket-client"
version = "1.6.3"
description = "WebSocket client for Python with low level API options"
optional = false
python-versions = ">=3.8"
files = [
    {file = "websocket-client-1.6.3.tar.gz", hash = "sha256:3aad25d31284266bcfcfd1fd8a743f63282305a364b8d0948a43bd606acc652f"},
    {file = "websocket_client-1.6.3-py3-none-any.whl", hash = "sha256:6cfc30d051ebabb73a5fa246efdcc14c8fbebbd0330f8984ac3bb6d9edd2ad03"},
]

[package.extras]
docs = ["Sphinx (>=6.0)", "sphinx-rtd-theme (>=1.1.0)"]
optional = ["python-socks", "wsaccel"]
test = ["websockets"]

[[package]]
name = "wsproto"
version = "1.2.0"
description = "WebSockets state-machine based protocol implementation"
optional = false
python-versions = ">=3.7.0"
files = [
    {file = "wsproto-1.2.0-py3-none-any.whl", hash = "sha256:b9acddd652b585d75b20477888c56642fdade28bdfd3579aa24a4d2c037dd736"},
    {file = "wsproto-1.2.0.tar.gz", hash = "sha256:ad565f26ecb92588a3e43bc3d96164de84cd9902482b130d0ddbaa9664a85065"},
]

[package.dependencies]
h11 = ">=0.9.0,<1"

[metadata]
lock-version = "2.0"
python-versions = "^3.11"
content-hash = "6ad2836fc141b436ad13a7420ec4bf8ddf7044a440558dd0790bfe67ebdab47e"
